
Microsoft Visual Studio Solution File, Format Version 12.00
# Visual Studio Version 17
VisualStudioVersion = 17.4.32916.344
MinimumVisualStudioVersion = 10.0.40219.1
Project("{9A19103F-16F7-4668-BE54-9A1E7A4F7556}") = "Tasks", "Tasks\Tasks.csproj", "{904E1891-3338-45B1-BC2C-A3F051A7EDE7}"
EndProject
Project("{2150E333-8FDC-42A3-9474-1A3956D46DE8}") = "Array", "Array", "{35B7E57A-5F84-4242-B12A-412E3B969C97}"
EndProject
Project("{9A19103F-16F7-4668-BE54-9A1E7A4F7556}") = "Arrays", "Arrays\Arrays.csproj", "{C5C22A7E-16D9-44DA-81F4-FE983703D82E}"
EndProject
Project("{2150E333-8FDC-42A3-9474-1A3956D46DE8}") = "Sum", "Sum", "{992F8A19-8DE0-4652-BE78-07EFB4EB4299}"
EndProject
Project("{9A19103F-16F7-4668-BE54-9A1E7A4F7556}") = "Sumarries", "Sumarries\Sumarries.csproj", "{F6AB3C26-CECA-46A0-92C9-25F9A3321D51}"
EndProject
Project("{2150E333-8FDC-42A3-9474-1A3956D46DE8}") = "Power", "Power", "{69FFAD15-3DF3-4633-A69D-488346BA5369}"
EndProject
Project("{9A19103F-16F7-4668-BE54-9A1E7A4F7556}") = "Pow", "Pow\Pow.csproj", "{EA7E78A9-DE88-4FE6-9355-120FC4A5F083}"
EndProject
Project("{2150E333-8FDC-42A3-9474-1A3956D46DE8}") = "String", "String", "{70986F6E-0024-4A47-B0AF-E8E8B0AF399E}"
EndProject
Project("{9A19103F-16F7-4668-BE54-9A1E7A4F7556}") = "Strings", "Solutions\Strings.csproj", "{04407376-91F3-438C-8DC5-06F3FC2FADAF}"
EndProject
Project("{2150E333-8FDC-42A3-9474-1A3956D46DE8}") = "Math", "Math", "{F1FD3D44-0456-4AF6-AD27-8DD923F4C65A}"
EndProject
Project("{9A19103F-16F7-4668-BE54-9A1E7A4F7556}") = "matematic", "matematic\matematic.csproj", "{331E6C62-BDEE-4EB3-A597-AC444ACA375A}"
EndProject
Global
	GlobalSection(SolutionConfigurationPlatforms) = preSolution
		Debug|Any CPU = Debug|Any CPU
		Release|Any CPU = Release|Any CPU
	EndGlobalSection
	GlobalSection(ProjectConfigurationPlatforms) = postSolution
		{904E1891-3338-45B1-BC2C-A3F051A7EDE7}.Debug|Any CPU.ActiveCfg = Debug|Any CPU
		{904E1891-3338-45B1-BC2C-A3F051A7EDE7}.Debug|Any CPU.Build.0 = Debug|Any CPU
		{904E1891-3338-45B1-BC2C-A3F051A7EDE7}.Release|Any CPU.ActiveCfg = Release|Any CPU
		{904E1891-3338-45B1-BC2C-A3F051A7EDE7}.Release|Any CPU.Build.0 = Release|Any CPU
		{C5C22A7E-16D9-44DA-81F4-FE983703D82E}.Debug|Any CPU.ActiveCfg = Debug|Any CPU
		{C5C22A7E-16D9-44DA-81F4-FE983703D82E}.Debug|Any CPU.Build.0 = Debug|Any CPU
		{C5C22A7E-16D9-44DA-81F4-FE983703D82E}.Release|Any CPU.ActiveCfg = Release|Any CPU
		{C5C22A7E-16D9-44DA-81F4-FE983703D82E}.Release|Any CPU.Build.0 = Release|Any CPU
		{F6AB3C26-CECA-46A0-92C9-25F9A3321D51}.Debug|Any CPU.ActiveCfg = Debug|Any CPU
		{F6AB3C26-CECA-46A0-92C9-25F9A3321D51}.Debug|Any CPU.Build.0 = Debug|Any CPU
		{F6AB3C26-CECA-46A0-92C9-25F9A3321D51}.Release|Any CPU.ActiveCfg = Release|Any CPU
		{F6AB3C26-CECA-46A0-92C9-25F9A3321D51}.Release|Any CPU.Build.0 = Release|Any CPU
		{EA7E78A9-DE88-4FE6-9355-120FC4A5F083}.Debug|Any CPU.ActiveCfg = Debug|Any CPU
		{EA7E78A9-DE88-4FE6-9355-120FC4A5F083}.Debug|Any CPU.Build.0 = Debug|Any CPU
		{EA7E78A9-DE88-4FE6-9355-120FC4A5F083}.Release|Any CPU.ActiveCfg = Release|Any CPU
		{EA7E78A9-DE88-4FE6-9355-120FC4A5F083}.Release|Any CPU.Build.0 = Release|Any CPU
		{04407376-91F3-438C-8DC5-06F3FC2FADAF}.Debug|Any CPU.ActiveCfg = Debug|Any CPU
		{04407376-91F3-438C-8DC5-06F3FC2FADAF}.Debug|Any CPU.Build.0 = Debug|Any CPU
		{04407376-91F3-438C-8DC5-06F3FC2FADAF}.Release|Any CPU.ActiveCfg = Release|Any CPU
		{04407376-91F3-438C-8DC5-06F3FC2FADAF}.Release|Any CPU.Build.0 = Release|Any CPU
		{331E6C62-BDEE-4EB3-A597-AC444ACA375A}.Debug|Any CPU.ActiveCfg = Debug|Any CPU
		{331E6C62-BDEE-4EB3-A597-AC444ACA375A}.Debug|Any CPU.Build.0 = Debug|Any CPU
		{331E6C62-BDEE-4EB3-A597-AC444ACA375A}.Release|Any CPU.ActiveCfg = Release|Any CPU
		{331E6C62-BDEE-4EB3-A597-AC444ACA375A}.Release|Any CPU.Build.0 = Release|Any CPU
	EndGlobalSection
	GlobalSection(SolutionProperties) = preSolution
		HideSolutionNode = FALSE
	EndGlobalSection
	GlobalSection(NestedProjects) = preSolution
		{C5C22A7E-16D9-44DA-81F4-FE983703D82E} = {35B7E57A-5F84-4242-B12A-412E3B969C97}
		{F6AB3C26-CECA-46A0-92C9-25F9A3321D51} = {992F8A19-8DE0-4652-BE78-07EFB4EB4299}
		{EA7E78A9-DE88-4FE6-9355-120FC4A5F083} = {69FFAD15-3DF3-4633-A69D-488346BA5369}
		{04407376-91F3-438C-8DC5-06F3FC2FADAF} = {70986F6E-0024-4A47-B0AF-E8E8B0AF399E}
		{331E6C62-BDEE-4EB3-A597-AC444ACA375A} = {F1FD3D44-0456-4AF6-AD27-8DD923F4C65A}
	EndGlobalSection
	GlobalSection(ExtensibilityGlobals) = postSolution
		SolutionGuid = {35ECB51D-1EC9-463A-9304-695C718341EF}
	EndGlobalSection
EndGlobal
